
Microsoft Visual Studio Solution File, Format Version 12.00
# Visual Studio Version 17
VisualStudioVersion = 17.13.35913.81 d17.13
MinimumVisualStudioVersion = 10.0.40219.1
Project("{FAE04EC0-301F-11D3-BF4B-00C04F79EFBC}") = "RetoContpaqi", "RetoContpaqi\RetoContpaqi\RetoContpaqi.csproj", "{4659F0EF-648A-4A55-9883-0EA120E2AB0B}"
EndProject
Project("{FAE04EC0-301F-11D3-BF4B-00C04F79EFBC}") = "RetoContpaqi.Droid", "RetoContpaqi\RetoContpaqi.Droid\RetoContpaqi.Droid.csproj", "{F5BBC453-5915-4F04-B048-577A51B08332}"
EndProject
Project("{FAE04EC0-301F-11D3-BF4B-00C04F79EFBC}") = "RetoContpaqi.iOS", "RetoContpaqi\RetoContpaqi.iOS\RetoContpaqi.iOS.csproj", "{A1E620AC-5395-494C-BD3B-03DBB8A0DEC9}"
EndProject
Global
	GlobalSection(SolutionConfigurationPlatforms) = preSolution
		Debug|Any CPU = Debug|Any CPU
		Release|Any CPU = Release|Any CPU
	EndGlobalSection
	GlobalSection(ProjectConfigurationPlatforms) = postSolution
		{4659F0EF-648A-4A55-9883-0EA120E2AB0B}.Debug|Any CPU.ActiveCfg = Debug|Any CPU
		{4659F0EF-648A-4A55-9883-0EA120E2AB0B}.Debug|Any CPU.Build.0 = Debug|Any CPU
		{4659F0EF-648A-4A55-9883-0EA120E2AB0B}.Release|Any CPU.ActiveCfg = Release|Any CPU
		{4659F0EF-648A-4A55-9883-0EA120E2AB0B}.Release|Any CPU.Build.0 = Release|Any CPU
		{F5BBC453-5915-4F04-B048-577A51B08332}.Debug|Any CPU.ActiveCfg = Debug|Any CPU
		{F5BBC453-5915-4F04-B048-577A51B08332}.Debug|Any CPU.Build.0 = Debug|Any CPU
		{F5BBC453-5915-4F04-B048-577A51B08332}.Debug|Any CPU.Deploy.0 = Debug|Any CPU
		{F5BBC453-5915-4F04-B048-577A51B08332}.Release|Any CPU.ActiveCfg = Release|Any CPU
		{F5BBC453-5915-4F04-B048-577A51B08332}.Release|Any CPU.Build.0 = Release|Any CPU
		{F5BBC453-5915-4F04-B048-577A51B08332}.Release|Any CPU.Deploy.0 = Release|Any CPU
		{A1E620AC-5395-494C-BD3B-03DBB8A0DEC9}.Debug|Any CPU.ActiveCfg = Debug|Any CPU
		{A1E620AC-5395-494C-BD3B-03DBB8A0DEC9}.Debug|Any CPU.Build.0 = Debug|Any CPU
		{A1E620AC-5395-494C-BD3B-03DBB8A0DEC9}.Debug|Any CPU.Deploy.0 = Debug|Any CPU
		{A1E620AC-5395-494C-BD3B-03DBB8A0DEC9}.Release|Any CPU.ActiveCfg = Release|Any CPU
		{A1E620AC-5395-494C-BD3B-03DBB8A0DEC9}.Release|Any CPU.Build.0 = Release|Any CPU
		{A1E620AC-5395-494C-BD3B-03DBB8A0DEC9}.Release|Any CPU.Deploy.0 = Release|Any CPU
	EndGlobalSection
	GlobalSection(SolutionProperties) = preSolution
		HideSolutionNode = FALSE
	EndGlobalSection
	GlobalSection(ExtensibilityGlobals) = postSolution
		SolutionGuid = {FBF718BE-7BB4-45F2-8B13-5E2851E43A3D}
	EndGlobalSection
EndGlobal
